<Solution>
  <Configurations>
    <Platform Name="Any CPU" />
    <Platform Name="x64" />
    <Platform Name="x86" />
  </Configurations>
  <Folder Name="/samples/">
    <Project Path="samples/CommandBot/CommandBot.csproj" />
    <Project Path="samples/ConversationBot/ConversationBot.csproj" />
    <Project Path="samples/EchoBot/EchoBot.csproj" />
    <Project Path="samples/PaginationBot/PaginationBot.csproj" />
  </Folder>
  <Folder Name="/src/">
    <Project Path="src/PolyBot.InternalsGenerators/PolyBot.InternalsGenerators.csproj" />
    <Project Path="src/PolyBot.SourceGenerators/PolyBot.SourceGenerators.csproj" />
    <Project Path="src/PolyBot/PolyBot.csproj" />
  </Folder>
  <Folder Name="/tests/">
    <Project Path="tests/PolyBot.Tests.AllowedUpdates.Exclude/PolyBot.Tests.AllowedUpdates.Exclude.csproj" />
    <Project Path="tests/PolyBot.Tests.AllowedUpdates.IncludeAll/PolyBot.Tests.AllowedUpdates.IncludeAll.csproj" />
    <Project Path="tests/PolyBot.Tests.AllowedUpdates.RawUpdate/PolyBot.Tests.AllowedUpdates.RawUpdate.csproj" />
    <Project Path="tests/PolyBot.Tests.WebhookConcurrency/PolyBot.Tests.WebhookConcurrency.csproj" />
    <Project Path="tests/PolyBot.Tests.Fixtures/PolyBot.Tests.Fixtures.csproj" />
    <Project Path="tests/PolyBot.Tests/PolyBot.Tests.csproj" />
  </Folder>
</Solution>
